
Microsoft Visual Studio Solution File, Format Version 12.00
# Visual Studio Version 17
VisualStudioVersion = 17.8.34511.84
MinimumVisualStudioVersion = 10.0.40219.1
Project("{FAE04EC0-301F-11D3-BF4B-00C04F79EFBC}") = "BAnalyzer", "BAnalyzer\BAnalyzer.csproj", "{32FB9778-0FFB-4AA5-B792-AE306C8B05FC}"
EndProject
Project("{FAE04EC0-301F-11D3-BF4B-00C04F79EFBC}") = "BAnalyzerCore", "BAnalyzerCore\BAnalyzerCore.csproj", "{DD8BFFD7-36AC-426B-8588-EC18ED700A02}"
EndProject
Global
	GlobalSection(SolutionConfigurationPlatforms) = preSolution
		Debug|Any CPU = Debug|Any CPU
		Release|Any CPU = Release|Any CPU
	EndGlobalSection
	GlobalSection(ProjectConfigurationPlatforms) = postSolution
		{32FB9778-0FFB-4AA5-B792-AE306C8B05FC}.Debug|Any CPU.ActiveCfg = Debug|Any CPU
		{32FB9778-0FFB-4AA5-B792-AE306C8B05FC}.Debug|Any CPU.Build.0 = Debug|Any CPU
		{32FB9778-0FFB-4AA5-B792-AE306C8B05FC}.Release|Any CPU.ActiveCfg = Release|Any CPU
		{32FB9778-0FFB-4AA5-B792-AE306C8B05FC}.Release|Any CPU.Build.0 = Release|Any CPU
		{DD8BFFD7-36AC-426B-8588-EC18ED700A02}.Debug|Any CPU.ActiveCfg = Debug|Any CPU
		{DD8BFFD7-36AC-426B-8588-EC18ED700A02}.Debug|Any CPU.Build.0 = Debug|Any CPU
		{DD8BFFD7-36AC-426B-8588-EC18ED700A02}.Release|Any CPU.ActiveCfg = Release|Any CPU
		{DD8BFFD7-36AC-426B-8588-EC18ED700A02}.Release|Any CPU.Build.0 = Release|Any CPU
	EndGlobalSection
	GlobalSection(SolutionProperties) = preSolution
		HideSolutionNode = FALSE
	EndGlobalSection
	GlobalSection(ExtensibilityGlobals) = postSolution
		SolutionGuid = {1282B125-E57C-47BF-8599-7C71F6EFCF0C}
	EndGlobalSection
EndGlobal
